{
  "name": "HM",
  "version": "1.0.0",
  "lockfileVersion": 1,
  "requires": true,
  "dependencies": {
    "@types/node": {
      "version": "15.14.9",
      "resolved": "https://registry.npmjs.org/@types/node/-/node-15.14.9.tgz",
      "integrity": "sha512-qjd88DrCxupx/kJD5yQgZdcYKZKSIGBVDIBE1/LTGcNm3d2Np/jxojkdePDdfnBHJc5W7vSMpbJ1aB7p/Py69A==",
      "dev": true
    },
    "@types/uuid": {
      "version": "8.3.1",
      "resolved": "https://registry.npmjs.org/@types/uuid/-/uuid-8.3.1.tgz",
      "integrity": "sha512-Y2mHTRAbqfFkpjldbkHGY8JIzRN6XqYRliG8/24FcHm2D2PwW24fl5xMRTVGdrb7iMrwCaIEbLWerGIkXuFWVg=="
    },
    "aws-cdk-lib": {
      "version": "2.0.0-rc.23",
      "resolved": "https://registry.npmjs.org/aws-cdk-lib/-/aws-cdk-lib-2.0.0-rc.23.tgz",
      "integrity": "sha512-X7yuSGc9TQEsJBaku0WqwkHoZzAhgV2SRLTB0afEuP7TGu2H+i9Dzgs1hiKFjOO3GWuVHPuAqiJKP2gmnSRtVQ==",
      "requires": {
        "@balena/dockerignore": "^1.0.2",
        "case": "1.6.3",
        "colors": "^1.4.0",
        "diff": "^5.0.0",
        "fast-deep-equal": "^3.1.3",
        "fs-extra": "^9.1.0",
        "ignore": "^5.1.8",
        "jsonschema": "^1.4.0",
        "minimatch": "^3.0.4",
        "punycode": "^2.1.1",
        "semver": "^7.3.5",
        "string-width": "^4.2.2",
        "table": "^6.7.1",
        "yaml": "1.10.2"
      },
      "dependencies": {
        "@balena/dockerignore": {
          "version": "1.0.2",
          "bundled": true
        },
        "ajv": {
          "version": "8.6.2",
          "bundled": true,
          "requires": {
            "fast-deep-equal": "^3.1.1",
            "json-schema-traverse": "^1.0.0",
            "require-from-string": "^2.0.2",
            "uri-js": "^4.2.2"
          }
        },
        "ansi-regex": {
          "version": "5.0.0",
          "bundled": true
        },
        "ansi-styles": {
          "version": "4.3.0",
          "bundled": true,
          "requires": {
            "color-convert": "^2.0.1"
          }
        },
        "astral-regex": {
          "version": "2.0.0",
          "bundled": true
        },
        "at-least-node": {
          "version": "1.0.0",
          "bundled": true
        },
        "balanced-match": {
          "version": "1.0.2",
          "bundled": true
        },
        "brace-expansion": {
          "version": "1.1.11",
          "bundled": true,
          "requires": {
            "balanced-match": "^1.0.0",
            "concat-map": "0.0.1"
          }
        },
        "case": {
          "version": "1.6.3",
          "bundled": true
        },
        "color-convert": {
          "version": "2.0.1",
          "bundled": true,
          "requires": {
            "color-name": "~1.1.4"
          }
        },
        "color-name": {
          "version": "1.1.4",
          "bundled": true
        },
        "colors": {
          "version": "1.4.0",
          "bundled": true
        },
        "concat-map": {
          "version": "0.0.1",
          "bundled": true
        },
        "diff": {
          "version": "5.0.0",
          "bundled": true
        },
        "emoji-regex": {
          "version": "8.0.0",
          "bundled": true
        },
        "fast-deep-equal": {
          "version": "3.1.3",
          "bundled": true
        },
        "fs-extra": {
          "version": "9.1.0",
          "bundled": true,
          "requires": {
            "at-least-node": "^1.0.0",
            "graceful-fs": "^4.2.0",
            "jsonfile": "^6.0.1",
            "universalify": "^2.0.0"
          }
        },
        "graceful-fs": {
          "version": "4.2.6",
          "bundled": true
        },
        "ignore": {
          "version": "5.1.8",
          "bundled": true
        },
        "is-fullwidth-code-point": {
          "version": "3.0.0",
          "bundled": true
        },
        "json-schema-traverse": {
          "version": "1.0.0",
          "bundled": true
        },
        "jsonfile": {
          "version": "6.1.0",
          "bundled": true,
          "requires": {
            "graceful-fs": "^4.1.6",
            "universalify": "^2.0.0"
          }
        },
        "jsonschema": {
          "version": "1.4.0",
          "bundled": true
        },
        "lodash.clonedeep": {
          "version": "4.5.0",
          "bundled": true
        },
        "lodash.truncate": {
          "version": "4.4.2",
          "bundled": true
        },
        "lru-cache": {
          "version": "6.0.0",
          "bundled": true,
          "requires": {
            "yallist": "^4.0.0"
          }
        },
        "minimatch": {
          "version": "3.0.4",
          "bundled": true,
          "requires": {
            "brace-expansion": "^1.1.7"
          }
        },
        "punycode": {
          "version": "2.1.1",
          "bundled": true
        },
        "require-from-string": {
          "version": "2.0.2",
          "bundled": true
        },
        "semver": {
          "version": "7.3.5",
          "bundled": true,
          "requires": {
            "lru-cache": "^6.0.0"
          }
        },
        "slice-ansi": {
          "version": "4.0.0",
          "bundled": true,
          "requires": {
            "ansi-styles": "^4.0.0",
            "astral-regex": "^2.0.0",
            "is-fullwidth-code-point": "^3.0.0"
          }
        },
        "string-width": {
          "version": "4.2.2",
          "bundled": true,
          "requires": {
            "emoji-regex": "^8.0.0",
            "is-fullwidth-code-point": "^3.0.0",
            "strip-ansi": "^6.0.0"
          }
        },
        "strip-ansi": {
          "version": "6.0.0",
          "bundled": true,
          "requires": {
            "ansi-regex": "^5.0.0"
          }
        },
        "table": {
          "version": "6.7.1",
          "bundled": true,
          "requires": {
            "ajv": "^8.0.1",
            "lodash.clonedeep": "^4.5.0",
            "lodash.truncate": "^4.4.2",
            "slice-ansi": "^4.0.0",
            "string-width": "^4.2.0",
            "strip-ansi": "^6.0.0"
          }
        },
        "universalify": {
          "version": "2.0.0",
          "bundled": true
        },
        "uri-js": {
          "version": "4.4.1",
          "bundled": true,
          "requires": {
            "punycode": "^2.1.0"
          }
        },
        "yallist": {
          "version": "4.0.0",
          "bundled": true
        },
        "yaml": {
          "version": "1.10.2",
          "bundled": true
        }
      }
    },
    "aws-sdk": {
      "version": "2.996.0",
      "resolved": "https://registry.npmjs.org/aws-sdk/-/aws-sdk-2.996.0.tgz",
      "integrity": "sha512-LZcus/r/36lwmGhRcwwllzQUucZ6sozDt3r78lXqdaQzZNbv44K44nXsqCPH2UpTcznrVUSJOW+o5s8yEbKFzg==",
      "requires": {
        "buffer": "4.9.2",
        "events": "1.1.1",
        "ieee754": "1.1.13",
        "jmespath": "0.15.0",
        "querystring": "0.2.0",
        "sax": "1.2.1",
        "url": "0.10.3",
        "uuid": "3.3.2",
        "xml2js": "0.4.19"
      },
      "dependencies": {
        "uuid": {
          "version": "3.3.2",
          "resolved": "https://registry.npmjs.org/uuid/-/uuid-3.3.2.tgz",
          "integrity": "sha512-yXJmeNaw3DnnKAOKJE51sL/ZaYfWJRl1pK9dr19YFCu0ObS231AB1/LbqTKRAQ5kw8A90rA6fr4riOUpTZvQZA=="
        }
      }
    },
    "base64-js": {
      "version": "1.5.1",
      "resolved": "https://registry.npmjs.org/base64-js/-/base64-js-1.5.1.tgz",
      "integrity": "sha512-AKpaYlHn8t4SVbOHCy+b5+KKgvR4vrsD8vbvrbiQJps7fKDTkjkDry6ji0rUJjC0kzbNePLwzxq8iypo41qeWA=="
    },
    "buffer": {
      "version": "4.9.2",
      "resolved": "https://registry.npmjs.org/buffer/-/buffer-4.9.2.tgz",
      "integrity": "sha512-xq+q3SRMOxGivLhBNaUdC64hDTQwejJ+H0T/NB1XMtTVEwNTrfFF3gAxiyW0Bu/xWEGhjVKgUcMhCrUy2+uCWg==",
      "requires": {
        "base64-js": "^1.0.2",
        "ieee754": "^1.1.4",
        "isarray": "^1.0.0"
      }
    },
    "constructs": {
      "version": "10.0.5",
      "resolved": "https://registry.npmjs.org/constructs/-/constructs-10.0.5.tgz",
      "integrity": "sha512-IwOwekzrASFC3qt4ozCtV09rteAIAesuCGsW0p+uBfqHd2XcvA5CXqJjgf4eUqm6g8e/noXlVCMDWwC8GaLtrg=="
    },
    "esbuild": {
      "version": "0.13.2",
      "resolved": "https://registry.npmjs.org/esbuild/-/esbuild-0.13.2.tgz",
      "integrity": "sha512-/tpIqo45hyRREGqh7hsIut8GwY1X2n9IhKbIwRIXUO6IohzG3/RarSGX7dT2eNvYzIbQmelpX+ZyuIphE5u+Bw==",
      "dev": true,
      "requires": {
        "esbuild-android-arm64": "0.13.2",
        "esbuild-darwin-64": "0.13.2",
        "esbuild-darwin-arm64": "0.13.2",
        "esbuild-freebsd-64": "0.13.2",
        "esbuild-freebsd-arm64": "0.13.2",
        "esbuild-linux-32": "0.13.2",
        "esbuild-linux-64": "0.13.2",
        "esbuild-linux-arm": "0.13.2",
        "esbuild-linux-arm64": "0.13.2",
        "esbuild-linux-mips64le": "0.13.2",
        "esbuild-linux-ppc64le": "0.13.2",
        "esbuild-openbsd-64": "0.13.2",
        "esbuild-sunos-64": "0.13.2",
        "esbuild-windows-32": "0.13.2",
        "esbuild-windows-64": "0.13.2",
        "esbuild-windows-arm64": "0.13.2"
      }
    },
    "esbuild-android-arm64": {
      "version": "0.13.2",
      "resolved": "https://registry.npmjs.org/esbuild-android-arm64/-/esbuild-android-arm64-0.13.2.tgz",
      "integrity": "sha512-Eh2paXUWYqf5JgikdkC0LnhtjSC8tGAz/L2kJRlMC0o3DzOBIxcmT2fdzBerdhW4roY0bOExfcO6deI1qsxI/A==",
      "dev": true,
      "optional": true
    },
    "esbuild-darwin-64": {
      "version": "0.13.2",
      "resolved": "https://registry.npmjs.org/esbuild-darwin-64/-/esbuild-darwin-64-0.13.2.tgz",
      "integrity": "sha512-jqp6uXHIIAWZ8kxRqFjxyMmIE1cuSbINellwwigOgk44eLg74ls82oqjY72MbDAowPivQkOU/fF7tsyaGQf5Zg==",
      "dev": true,
      "optional": true
    },
    "esbuild-darwin-arm64": {
      "version": "0.13.2",
      "resolved": "https://registry.npmjs.org/esbuild-darwin-arm64/-/esbuild-darwin-arm64-0.13.2.tgz",
      "integrity": "sha512-bD4oAyPZdzOWEA/JoX0sAitOhjJRwhomhWMeyRyowtlVQhQleG2ijRUKTvkq4CAvSobrW5EnZxjvHNKJ5L7zJg==",
      "dev": true,
      "optional": true
    },
    "esbuild-freebsd-64": {
      "version": "0.13.2",
      "resolved": "https://registry.npmjs.org/esbuild-freebsd-64/-/esbuild-freebsd-64-0.13.2.tgz",
      "integrity": "sha512-fFJ0yc3lZyfwca+F5OPN/s+izozWryUQpN8aUMIdUkOa7UKX0h3xXrKnkDgdOo8vy3d1A6zHH0/4f2VJfEzLCg==",
      "dev": true,
      "optional": true
    },
    "esbuild-freebsd-arm64": {
      "version": "0.13.2",
      "resolved": "https://registry.npmjs.org/esbuild-freebsd-arm64/-/esbuild-freebsd-arm64-0.13.2.tgz",
      "integrity": "sha512-DWBZauEfjmqdfWxIacI+KBEim3ulOjtvK+WVm1bX67XlfyUVIkD915OIfT2EBhQUWmv+Z0tZZwskSMNj5DKojw==",
      "dev": true,
      "optional": true
    },
    "esbuild-linux-32": {
      "version": "0.13.2",
      "resolved": "https://registry.npmjs.org/esbuild-linux-32/-/esbuild-linux-32-0.13.2.tgz",
      "integrity": "sha512-Gt2rNqqRCRh1QQC2d83KP0iWIXWQYpns7l2+41a1n0PQxXkQ5AarpjjL9mUzdXtcZauNXbUvWwBKAuBTCW+XQg==",
      "dev": true,
      "optional": true
    },
    "esbuild-linux-64": {
      "version": "0.13.2",
      "resolved": "https://registry.npmjs.org/esbuild-linux-64/-/esbuild-linux-64-0.13.2.tgz",
      "integrity": "sha512-yT0D5Xly8oGHuqq975k1XUyULHzk3fN/ZlTY+awlU+nCFsYPZ43NE5msGpxlNQu8i6KOXQEke5GXN3y5d+Zd4g==",
      "dev": true,
      "optional": true
    },
    "esbuild-linux-arm": {
      "version": "0.13.2",
      "resolved": "https://registry.npmjs.org/esbuild-linux-arm/-/esbuild-linux-arm-0.13.2.tgz",
      "integrity": "sha512-KXeyotqj9jbvCjbSpwnxDE8E8jKoBgrgbJpOvvY5Zz7Pp2fAwu/94vWQtE/jPEJndY4C4MSs+ryJLFWzmLOa4w==",
      "dev": true,
      "optional": true
    },
    "esbuild-linux-arm64": {
      "version": "0.13.2",
      "resolved": "https://registry.npmjs.org/esbuild-linux-arm64/-/esbuild-linux-arm64-0.13.2.tgz",
      "integrity": "sha512-qwXL+3NDCWiC8RMKBBETpuOWdC+pUAUS+pwg9jJmapYblLdVKkyRtwF/ogj06TdYs6riSSNikW8HK/Xs0HHbbQ==",
      "dev": true,
      "optional": true
    },
    "esbuild-linux-mips64le": {
      "version": "0.13.2",
      "resolved": "https://registry.npmjs.org/esbuild-linux-mips64le/-/esbuild-linux-mips64le-0.13.2.tgz",
      "integrity": "sha512-sx8eheRX2XC2ppNAsbQm8/VUcU8XPYGpJK0BEyRefqHONz6u5Ib2guUdOz2Wh4YlbA7oOd482lHjprXSTwUcrQ==",
      "dev": true,
      "optional": true
    },
    "esbuild-linux-ppc64le": {
      "version": "0.13.2",
      "resolved": "https://registry.npmjs.org/esbuild-linux-ppc64le/-/esbuild-linux-ppc64le-0.13.2.tgz",
      "integrity": "sha512-y8iZ3qy2TIAKKsZ6xSopCztHOtGW9oiYDl22vQ0UIoVWjnfRKrbSzX7Y2F94y32hSvRWle6OhAIC+UpS5nQmIA==",
      "dev": true,
      "optional": true
    },
    "esbuild-openbsd-64": {
      "version": "0.13.2",
      "resolved": "https://registry.npmjs.org/esbuild-openbsd-64/-/esbuild-openbsd-64-0.13.2.tgz",
      "integrity": "sha512-g6AYrjBeV9OK624bw0KQ1TjHJQSW+X1Yicyd1NvDWqSFpMqKAjw7EUX4tA87mOFqv8BflPGr4f43ySgNvSVzIw==",
      "dev": true,
      "optional": true
    },
    "esbuild-sunos-64": {
      "version": "0.13.2",
      "resolved": "https://registry.npmjs.org/esbuild-sunos-64/-/esbuild-sunos-64-0.13.2.tgz",
      "integrity": "sha512-hIXvFIyrqwFd6v62XSra0ctCUXDS9Tu5D6QYbvnbhEoBmvD/TmEJRYRH48/+xmRifKJLzu6aegcrjAsDmaww7g==",
      "dev": true,
      "optional": true
    },
    "esbuild-windows-32": {
      "version": "0.13.2",
      "resolved": "https://registry.npmjs.org/esbuild-windows-32/-/esbuild-windows-32-0.13.2.tgz",
      "integrity": "sha512-Y767LG0NFkw0sPoDVOTKC5gaj4vURjjWfSCCDV5awpXXxBKOF2zsIp3aia4KvVoivoSSeRPk3emDd0OPHuPrKg==",
      "dev": true,
      "optional": true
    },
    "esbuild-windows-64": {
      "version": "0.13.2",
      "resolved": "https://registry.npmjs.org/esbuild-windows-64/-/esbuild-windows-64-0.13.2.tgz",
      "integrity": "sha512-01b59kVJUMasctn6lzswC0drchr7zO75QtF22o5w0nlOw0Zorw0loY/8i5choFuWc30gXJId9qBSc1zPvt7uEw==",
      "dev": true,
      "optional": true
    },
    "esbuild-windows-arm64": {
      "version": "0.13.2",
      "resolved": "https://registry.npmjs.org/esbuild-windows-arm64/-/esbuild-windows-arm64-0.13.2.tgz",
      "integrity": "sha512-HxyY604ytmh8NkPYyS1TdIB/bFS7DWd1hP90e8Ovo/elEdN5I13h0tyIatDYZkXKS0Ztk+9T/3h6K0fI1a/4tQ==",
      "dev": true,
      "optional": true
    },
    "events": {
      "version": "1.1.1",
      "resolved": "https://registry.npmjs.org/events/-/events-1.1.1.tgz",
      "integrity": "sha1-nr23Y1rQmccNzEwqH1AEKI6L2SQ="
    },
    "ieee754": {
      "version": "1.1.13",
      "resolved": "https://registry.npmjs.org/ieee754/-/ieee754-1.1.13.tgz",
      "integrity": "sha512-4vf7I2LYV/HaWerSo3XmlMkp5eZ83i+/CDluXi/IGTs/O1sejBNhTtnxzmRZfvOUqj7lZjqHkeTvpgSFDlWZTg=="
    },
    "isarray": {
      "version": "1.0.0",
      "resolved": "https://registry.npmjs.org/isarray/-/isarray-1.0.0.tgz",
      "integrity": "sha1-u5NdSFgsuhaMBoNJV6VKPgcSTxE="
    },
    "jmespath": {
      "version": "0.15.0",
      "resolved": "https://registry.npmjs.org/jmespath/-/jmespath-0.15.0.tgz",
      "integrity": "sha1-o/Iiqarp+Wb10nx5ZRDigJF2Qhc="
    },
    "punycode": {
      "version": "1.3.2",
      "resolved": "https://registry.npmjs.org/punycode/-/punycode-1.3.2.tgz",
      "integrity": "sha1-llOgNvt8HuQjQvIyXM7v6jkmxI0="
    },
    "querystring": {
      "version": "0.2.0",
      "resolved": "https://registry.npmjs.org/querystring/-/querystring-0.2.0.tgz",
      "integrity": "sha1-sgmEkgO7Jd+CDadW50cAWHhSFiA="
    },
    "sax": {
      "version": "1.2.1",
      "resolved": "https://registry.npmjs.org/sax/-/sax-1.2.1.tgz",
      "integrity": "sha1-e45lYZCyKOgaZq6nSEgNgozS03o="
    },
    "typescript": {
      "version": "4.4.3",
      "resolved": "https://registry.npmjs.org/typescript/-/typescript-4.4.3.tgz",
      "integrity": "sha512-4xfscpisVgqqDfPaJo5vkd+Qd/ItkoagnHpufr+i2QCHBsNYp+G7UAoyFl8aPtx879u38wPV65rZ8qbGZijalA=="
    },
    "url": {
      "version": "0.10.3",
      "resolved": "https://registry.npmjs.org/url/-/url-0.10.3.tgz",
      "integrity": "sha1-Ah5NnHcF8hu/N9A861h2dAJ3TGQ=",
      "requires": {
        "punycode": "1.3.2",
        "querystring": "0.2.0"
      }
    },
    "uuid": {
      "version": "8.3.2",
      "resolved": "https://registry.npmjs.org/uuid/-/uuid-8.3.2.tgz",
      "integrity": "sha512-+NYs2QeMWy+GWFOEm9xnn6HCDp0l7QBD7ml8zLUmJ+93Q5NF0NocErnwkTkXVFNiX3/fpC6afS8Dhb/gz7R7eg=="
    },
    "xml2js": {
      "version": "0.4.19",
      "resolved": "https://registry.npmjs.org/xml2js/-/xml2js-0.4.19.tgz",
      "integrity": "sha512-esZnJZJOiJR9wWKMyuvSE1y6Dq5LCuJanqhxslH2bxM6duahNZ+HMpCLhBQGZkbX6xRf8x1Y2eJlgt2q3qo49Q==",
      "requires": {
        "sax": ">=0.6.0",
        "xmlbuilder": "~9.0.1"
      }
    },
    "xmlbuilder": {
      "version": "9.0.7",
      "resolved": "https://registry.npmjs.org/xmlbuilder/-/xmlbuilder-9.0.7.tgz",
      "integrity": "sha1-Ey7mPS7FVlxVfiD0wi35rKaGsQ0="
    }
  }
}
